
Microsoft Visual Studio Solution File, Format Version 12.00
# Visual Studio 15
VisualStudioVersion = 15.0.27428.2037
MinimumVisualStudioVersion = 10.0.40219.1
Project("{FAE04EC0-301F-11D3-BF4B-00C04F79EFBC}") = "RedmineToExcel", "RedmineToExcel\RedmineToExcel.csproj", "{D50C4292-AF90-4BB6-8CD7-148B94A01AD7}"
EndProject
Global
	GlobalSection(SolutionConfigurationPlatforms) = preSolution
		Debug|Any CPU = Debug|Any CPU
		Release|Any CPU = Release|Any CPU
	EndGlobalSection
	GlobalSection(ProjectConfigurationPlatforms) = postSolution
		{D50C4292-AF90-4BB6-8CD7-148B94A01AD7}.Debug|Any CPU.ActiveCfg = Debug|Any CPU
		{D50C4292-AF90-4BB6-8CD7-148B94A01AD7}.Debug|Any CPU.Build.0 = Debug|Any CPU
		{D50C4292-AF90-4BB6-8CD7-148B94A01AD7}.Release|Any CPU.ActiveCfg = Release|Any CPU
		{D50C4292-AF90-4BB6-8CD7-148B94A01AD7}.Release|Any CPU.Build.0 = Release|Any CPU
	EndGlobalSection
	GlobalSection(SolutionProperties) = preSolution
		HideSolutionNode = FALSE
	EndGlobalSection
	GlobalSection(ExtensibilityGlobals) = postSolution
		SolutionGuid = {502C7636-6F7F-4434-93E4-AD77AEBAD29F}
	EndGlobalSection
EndGlobal
